
Microsoft Visual Studio Solution File, Format Version 12.00
# Visual Studio Version 17
VisualStudioVersion = 17.14.37314.3 d17.14
MinimumVisualStudioVersion = 10.0.40219.1
Project("{FAE04EC0-301F-11D3-BF4B-00C04F79EFBC}") = "MonitorImpressoras", "MonitorImpressoras\MonitorImpressoras.csproj", "{BC507BA4-9DEF-4F6E-A8FD-E4FAB3169636}"
EndProject
Global
	GlobalSection(SolutionConfigurationPlatforms) = preSolution
		Debug|Any CPU = Debug|Any CPU
		Release|Any CPU = Release|Any CPU
	EndGlobalSection
	GlobalSection(ProjectConfigurationPlatforms) = postSolution
		{BC507BA4-9DEF-4F6E-A8FD-E4FAB3169636}.Debug|Any CPU.ActiveCfg = Debug|Any CPU
		{BC507BA4-9DEF-4F6E-A8FD-E4FAB3169636}.Debug|Any CPU.Build.0 = Debug|Any CPU
		{BC507BA4-9DEF-4F6E-A8FD-E4FAB3169636}.Release|Any CPU.ActiveCfg = Release|Any CPU
		{BC507BA4-9DEF-4F6E-A8FD-E4FAB3169636}.Release|Any CPU.Build.0 = Release|Any CPU
	EndGlobalSection
	GlobalSection(SolutionProperties) = preSolution
		HideSolutionNode = FALSE
	EndGlobalSection
	GlobalSection(ExtensibilityGlobals) = postSolution
		SolutionGuid = {85892362-1AB3-4B57-A08F-B741763B28F8}
	EndGlobalSection
EndGlobal
